
Microsoft Visual Studio Solution File, Format Version 12.00
# Visual Studio Version 16
VisualStudioVersion = 16.0.29613.14
MinimumVisualStudioVersion = 10.0.40219.1
Project("{9A19103F-16F7-4668-BE54-9A1E7A4F7556}") = "BungieAPI", "BungieAPI\BungieAPI.csproj", "{6014EB3B-B936-447D-9D65-C25C82ACD7DC}"
EndProject
Project("{9A19103F-16F7-4668-BE54-9A1E7A4F7556}") = "GlickoRank", "GlickoRank\GlickoRank.csproj", "{BABEB539-DD94-4727-8052-9F66205FC258}"
EndProject
Global
	GlobalSection(SolutionConfigurationPlatforms) = preSolution
		Debug|Any CPU = Debug|Any CPU
		Release|Any CPU = Release|Any CPU
	EndGlobalSection
	GlobalSection(ProjectConfigurationPlatforms) = postSolution
		{6014EB3B-B936-447D-9D65-C25C82ACD7DC}.Debug|Any CPU.ActiveCfg = Debug|Any CPU
		{6014EB3B-B936-447D-9D65-C25C82ACD7DC}.Debug|Any CPU.Build.0 = Debug|Any CPU
		{6014EB3B-B936-447D-9D65-C25C82ACD7DC}.Release|Any CPU.ActiveCfg = Release|Any CPU
		{6014EB3B-B936-447D-9D65-C25C82ACD7DC}.Release|Any CPU.Build.0 = Release|Any CPU
		{BABEB539-DD94-4727-8052-9F66205FC258}.Debug|Any CPU.ActiveCfg = Debug|Any CPU
		{BABEB539-DD94-4727-8052-9F66205FC258}.Debug|Any CPU.Build.0 = Debug|Any CPU
		{BABEB539-DD94-4727-8052-9F66205FC258}.Release|Any CPU.ActiveCfg = Release|Any CPU
		{BABEB539-DD94-4727-8052-9F66205FC258}.Release|Any CPU.Build.0 = Release|Any CPU
	EndGlobalSection
	GlobalSection(SolutionProperties) = preSolution
		HideSolutionNode = FALSE
	EndGlobalSection
	GlobalSection(ExtensibilityGlobals) = postSolution
		SolutionGuid = {CDA2287C-AB65-432B-AE94-B85C6EC0A4BE}
	EndGlobalSection
EndGlobal
